
Microsoft Visual Studio Solution File, Format Version 12.00
# Visual Studio Version 16
VisualStudioVersion = 16.0.29102.190
MinimumVisualStudioVersion = 10.0.40219.1
Project("{FAE04EC0-301F-11D3-BF4B-00C04F79EFBC}") = "Pro079-Core", "pro079\Pro079-Core.csproj", "{B9FBF509-2FA5-4A68-907C-A1A016225EC9}"
EndProject
Project("{2150E333-8FDC-42A3-9474-1A3956D46DE8}") = "Modules", "Modules", "{F1B15D19-0F3B-4EB4-87FA-9DAA000FB51F}"
EndProject
Project("{FAE04EC0-301F-11D3-BF4B-00C04F79EFBC}") = "Pro079.Info", "Modules\Pro079-Info\Pro079.Info.csproj", "{979E2184-3CA0-4B5E-BD1E-B4C783137430}"
EndProject
Project("{FAE04EC0-301F-11D3-BF4B-00C04F79EFBC}") = "Pro079-Tesla", "Modules\Pro079-Tesla\Pro079-Tesla.csproj", "{F7D7C63A-97DE-482C-AC7B-2D39549A6B92}"
EndProject
Project("{FAE04EC0-301F-11D3-BF4B-00C04F79EFBC}") = "Pro079.MTF", "Modules\Pro079-MTF\Pro079.MTF.csproj", "{B01B7699-F941-4502-A216-6723810C3D21}"
EndProject
Project("{FAE04EC0-301F-11D3-BF4B-00C04F79EFBC}") = "Pro079-SCP", "Modules\Pro079-SCP\Pro079-SCP.csproj", "{58EBD00A-7EB1-49F1-AB86-D7E5D6858F82}"
EndProject
Project("{FAE04EC0-301F-11D3-BF4B-00C04F79EFBC}") = "Pro079.Gen", "Modules\Pro079-Gen\Pro079.Gen.csproj", "{4145493B-06FF-4F71-9ED1-76DE76E0CDDE}"
EndProject
Project("{FAE04EC0-301F-11D3-BF4B-00C04F79EFBC}") = "Pro079.Chaos", "Modules\Pro079-Chaos\Pro079.Chaos.csproj", "{C24E4863-B21C-4E26-898C-AB594015D6F7}"
EndProject
Project("{2150E333-8FDC-42A3-9474-1A3956D46DE8}") = "Ultimates", "Ultimates", "{397FA14C-C0E8-40DB-944F-D084F8D99C12}"
EndProject
Project("{FAE04EC0-301F-11D3-BF4B-00C04F79EFBC}") = "Blackout", "Ultimates\LightShutdown\Blackout.csproj", "{783812A5-01B8-4371-8FBD-0A6B4717658F}"
EndProject
Project("{FAE04EC0-301F-11D3-BF4B-00C04F79EFBC}") = "Lockdown", "Ultimates\Lockdown\Lockdown.csproj", "{16D28DEC-C00E-4DB9-91BA-78414901E8DE}"
EndProject
Global
	GlobalSection(SolutionConfigurationPlatforms) = preSolution
		Debug|Any CPU = Debug|Any CPU
		Release|Any CPU = Release|Any CPU
	EndGlobalSection
	GlobalSection(ProjectConfigurationPlatforms) = postSolution
		{B9FBF509-2FA5-4A68-907C-A1A016225EC9}.Debug|Any CPU.ActiveCfg = Debug|Any CPU
		{B9FBF509-2FA5-4A68-907C-A1A016225EC9}.Debug|Any CPU.Build.0 = Debug|Any CPU
		{B9FBF509-2FA5-4A68-907C-A1A016225EC9}.Release|Any CPU.ActiveCfg = Release|Any CPU
		{B9FBF509-2FA5-4A68-907C-A1A016225EC9}.Release|Any CPU.Build.0 = Release|Any CPU
		{979E2184-3CA0-4B5E-BD1E-B4C783137430}.Debug|Any CPU.ActiveCfg = Debug|Any CPU
		{979E2184-3CA0-4B5E-BD1E-B4C783137430}.Debug|Any CPU.Build.0 = Debug|Any CPU
		{979E2184-3CA0-4B5E-BD1E-B4C783137430}.Release|Any CPU.ActiveCfg = Release|Any CPU
		{979E2184-3CA0-4B5E-BD1E-B4C783137430}.Release|Any CPU.Build.0 = Release|Any CPU
		{F7D7C63A-97DE-482C-AC7B-2D39549A6B92}.Debug|Any CPU.ActiveCfg = Debug|Any CPU
		{F7D7C63A-97DE-482C-AC7B-2D39549A6B92}.Debug|Any CPU.Build.0 = Debug|Any CPU
		{F7D7C63A-97DE-482C-AC7B-2D39549A6B92}.Release|Any CPU.ActiveCfg = Release|Any CPU
		{F7D7C63A-97DE-482C-AC7B-2D39549A6B92}.Release|Any CPU.Build.0 = Release|Any CPU
		{B01B7699-F941-4502-A216-6723810C3D21}.Debug|Any CPU.ActiveCfg = Debug|Any CPU
		{B01B7699-F941-4502-A216-6723810C3D21}.Debug|Any CPU.Build.0 = Debug|Any CPU
		{B01B7699-F941-4502-A216-6723810C3D21}.Release|Any CPU.ActiveCfg = Release|Any CPU
		{B01B7699-F941-4502-A216-6723810C3D21}.Release|Any CPU.Build.0 = Release|Any CPU
		{58EBD00A-7EB1-49F1-AB86-D7E5D6858F82}.Debug|Any CPU.ActiveCfg = Debug|Any CPU
		{58EBD00A-7EB1-49F1-AB86-D7E5D6858F82}.Debug|Any CPU.Build.0 = Debug|Any CPU
		{58EBD00A-7EB1-49F1-AB86-D7E5D6858F82}.Release|Any CPU.ActiveCfg = Release|Any CPU
		{58EBD00A-7EB1-49F1-AB86-D7E5D6858F82}.Release|Any CPU.Build.0 = Release|Any CPU
		{4145493B-06FF-4F71-9ED1-76DE76E0CDDE}.Debug|Any CPU.ActiveCfg = Debug|Any CPU
		{4145493B-06FF-4F71-9ED1-76DE76E0CDDE}.Debug|Any CPU.Build.0 = Debug|Any CPU
		{4145493B-06FF-4F71-9ED1-76DE76E0CDDE}.Release|Any CPU.ActiveCfg = Release|Any CPU
		{4145493B-06FF-4F71-9ED1-76DE76E0CDDE}.Release|Any CPU.Build.0 = Release|Any CPU
		{C24E4863-B21C-4E26-898C-AB594015D6F7}.Debug|Any CPU.ActiveCfg = Debug|Any CPU
		{C24E4863-B21C-4E26-898C-AB594015D6F7}.Debug|Any CPU.Build.0 = Debug|Any CPU
		{C24E4863-B21C-4E26-898C-AB594015D6F7}.Release|Any CPU.ActiveCfg = Release|Any CPU
		{C24E4863-B21C-4E26-898C-AB594015D6F7}.Release|Any CPU.Build.0 = Release|Any CPU
		{783812A5-01B8-4371-8FBD-0A6B4717658F}.Debug|Any CPU.ActiveCfg = Debug|Any CPU
		{783812A5-01B8-4371-8FBD-0A6B4717658F}.Debug|Any CPU.Build.0 = Debug|Any CPU
		{783812A5-01B8-4371-8FBD-0A6B4717658F}.Release|Any CPU.ActiveCfg = Release|Any CPU
		{783812A5-01B8-4371-8FBD-0A6B4717658F}.Release|Any CPU.Build.0 = Release|Any CPU
		{16D28DEC-C00E-4DB9-91BA-78414901E8DE}.Debug|Any CPU.ActiveCfg = Debug|Any CPU
		{16D28DEC-C00E-4DB9-91BA-78414901E8DE}.Debug|Any CPU.Build.0 = Debug|Any CPU
		{16D28DEC-C00E-4DB9-91BA-78414901E8DE}.Release|Any CPU.ActiveCfg = Release|Any CPU
		{16D28DEC-C00E-4DB9-91BA-78414901E8DE}.Release|Any CPU.Build.0 = Release|Any CPU
	EndGlobalSection
	GlobalSection(SolutionProperties) = preSolution
		HideSolutionNode = FALSE
	EndGlobalSection
	GlobalSection(NestedProjects) = preSolution
		{979E2184-3CA0-4B5E-BD1E-B4C783137430} = {F1B15D19-0F3B-4EB4-87FA-9DAA000FB51F}
		{F7D7C63A-97DE-482C-AC7B-2D39549A6B92} = {F1B15D19-0F3B-4EB4-87FA-9DAA000FB51F}
		{B01B7699-F941-4502-A216-6723810C3D21} = {F1B15D19-0F3B-4EB4-87FA-9DAA000FB51F}
		{58EBD00A-7EB1-49F1-AB86-D7E5D6858F82} = {F1B15D19-0F3B-4EB4-87FA-9DAA000FB51F}
		{4145493B-06FF-4F71-9ED1-76DE76E0CDDE} = {F1B15D19-0F3B-4EB4-87FA-9DAA000FB51F}
		{C24E4863-B21C-4E26-898C-AB594015D6F7} = {F1B15D19-0F3B-4EB4-87FA-9DAA000FB51F}
		{783812A5-01B8-4371-8FBD-0A6B4717658F} = {397FA14C-C0E8-40DB-944F-D084F8D99C12}
		{16D28DEC-C00E-4DB9-91BA-78414901E8DE} = {397FA14C-C0E8-40DB-944F-D084F8D99C12}
	EndGlobalSection
	GlobalSection(ExtensibilityGlobals) = postSolution
		SolutionGuid = {93980AF1-83D2-487D-8CDA-F1CD4AB2B304}
	EndGlobalSection
EndGlobal
